
Microsoft Visual Studio Solution File, Format Version 12.00
# Visual Studio Version 16
VisualStudioVersion = 16.0.30128.74
MinimumVisualStudioVersion = 10.0.40219.1
Project("{FAE04EC0-301F-11D3-BF4B-00C04F79EFBC}") = "TwelveNote.WebMVC", "TwelveNote.WebMVC\TwelveNote.WebMVC.csproj", "{C5309ABB-BAD4-46FC-B9B9-E7CA0411FEE6}"
EndProject
Project("{FAE04EC0-301F-11D3-BF4B-00C04F79EFBC}") = "TwelveNote.Data", "TwelveNote.Data\TwelveNote.Data.csproj", "{74E9FE4C-E472-4C65-91D4-63ACF53ADFA0}"
EndProject
Project("{FAE04EC0-301F-11D3-BF4B-00C04F79EFBC}") = "TwelveNote.Models", "TwelveNote.Models\TwelveNote.Models.csproj", "{100C7CEB-BA4A-437A-8C30-95DF45B44F4C}"
EndProject
Project("{FAE04EC0-301F-11D3-BF4B-00C04F79EFBC}") = "TwelveNote.Services", "TwelveNote.Services\TwelveNote.Services.csproj", "{EB51055B-EBD3-4C34-ADE9-8BAF97BEF049}"
EndProject
Global
	GlobalSection(SolutionConfigurationPlatforms) = preSolution
		Debug|Any CPU = Debug|Any CPU
		Release|Any CPU = Release|Any CPU
	EndGlobalSection
	GlobalSection(ProjectConfigurationPlatforms) = postSolution
		{C5309ABB-BAD4-46FC-B9B9-E7CA0411FEE6}.Debug|Any CPU.ActiveCfg = Debug|Any CPU
		{C5309ABB-BAD4-46FC-B9B9-E7CA0411FEE6}.Debug|Any CPU.Build.0 = Debug|Any CPU
		{C5309ABB-BAD4-46FC-B9B9-E7CA0411FEE6}.Release|Any CPU.ActiveCfg = Release|Any CPU
		{C5309ABB-BAD4-46FC-B9B9-E7CA0411FEE6}.Release|Any CPU.Build.0 = Release|Any CPU
		{74E9FE4C-E472-4C65-91D4-63ACF53ADFA0}.Debug|Any CPU.ActiveCfg = Debug|Any CPU
		{74E9FE4C-E472-4C65-91D4-63ACF53ADFA0}.Debug|Any CPU.Build.0 = Debug|Any CPU
		{74E9FE4C-E472-4C65-91D4-63ACF53ADFA0}.Release|Any CPU.ActiveCfg = Release|Any CPU
		{74E9FE4C-E472-4C65-91D4-63ACF53ADFA0}.Release|Any CPU.Build.0 = Release|Any CPU
		{100C7CEB-BA4A-437A-8C30-95DF45B44F4C}.Debug|Any CPU.ActiveCfg = Debug|Any CPU
		{100C7CEB-BA4A-437A-8C30-95DF45B44F4C}.Debug|Any CPU.Build.0 = Debug|Any CPU
		{100C7CEB-BA4A-437A-8C30-95DF45B44F4C}.Release|Any CPU.ActiveCfg = Release|Any CPU
		{100C7CEB-BA4A-437A-8C30-95DF45B44F4C}.Release|Any CPU.Build.0 = Release|Any CPU
		{EB51055B-EBD3-4C34-ADE9-8BAF97BEF049}.Debug|Any CPU.ActiveCfg = Debug|Any CPU
		{EB51055B-EBD3-4C34-ADE9-8BAF97BEF049}.Debug|Any CPU.Build.0 = Debug|Any CPU
		{EB51055B-EBD3-4C34-ADE9-8BAF97BEF049}.Release|Any CPU.ActiveCfg = Release|Any CPU
		{EB51055B-EBD3-4C34-ADE9-8BAF97BEF049}.Release|Any CPU.Build.0 = Release|Any CPU
	EndGlobalSection
	GlobalSection(SolutionProperties) = preSolution
		HideSolutionNode = FALSE
	EndGlobalSection
	GlobalSection(ExtensibilityGlobals) = postSolution
		SolutionGuid = {2FF9C156-50FB-4D8B-9D59-9C341BEA86B9}
	EndGlobalSection
EndGlobal
